// !$*UTF8*$!
{
	archiveVersion = 1;
	classes = {
	};
	objectVersion = 56;
	objects = {

/* Begin PBXBuildFile section */
		604EAB8B2987E773008CFE22 /* WorkoutViewModel.swift in Sources */ = {isa = PBXBuildFile; fileRef = 604EAB8A2987E773008CFE22 /* WorkoutViewModel.swift */; };
		6054FC55298245BF00059CD3 /* WorkoutContainer.xcdatamodeld in Sources */ = {isa = PBXBuildFile; fileRef = 6054FC53298245BF00059CD3 /* WorkoutContainer.xcdatamodeld */; };
		6054FC5D29824AB700059CD3 /* WorkoutView.swift in Sources */ = {isa = PBXBuildFile; fileRef = 6054FC5C29824AB700059CD3 /* WorkoutView.swift */; };
		6054FC6029824AEC00059CD3 /* Counter.swift in Sources */ = {isa = PBXBuildFile; fileRef = 6054FC5F29824AEC00059CD3 /* Counter.swift */; };
		609D4DEA2969357E009B2381 /* MoveYourBodyApp.swift in Sources */ = {isa = PBXBuildFile; fileRef = 609D4DE92969357E009B2381 /* MoveYourBodyApp.swift */; };
		609D4DEC2969357E009B2381 /* ContentView.swift in Sources */ = {isa = PBXBuildFile; fileRef = 609D4DEB2969357E009B2381 /* ContentView.swift */; };
		609D4DEE2969357F009B2381 /* Assets.xcassets in Resources */ = {isa = PBXBuildFile; fileRef = 609D4DED2969357F009B2381 /* Assets.xcassets */; };
		609D4DF12969357F009B2381 /* Preview Assets.xcassets in Resources */ = {isa = PBXBuildFile; fileRef = 609D4DF02969357F009B2381 /* Preview Assets.xcassets */; };
		60A3C45A29700D2600540D21 /* MainView.swift in Sources */ = {isa = PBXBuildFile; fileRef = 60A3C45929700D2600540D21 /* MainView.swift */; };
		60A3C45C29700D2E00540D21 /* AlarmSettingsView.swift in Sources */ = {isa = PBXBuildFile; fileRef = 60A3C45B29700D2E00540D21 /* AlarmSettingsView.swift */; };
		60A3C45E29700D3500540D21 /* WorkoutSettingsView.swift in Sources */ = {isa = PBXBuildFile; fileRef = 60A3C45D29700D3500540D21 /* WorkoutSettingsView.swift */; };
		60FCEF00298FB84E002A7619 /* Database.swift in Sources */ = {isa = PBXBuildFile; fileRef = 60FCEEFF298FB84E002A7619 /* Database.swift */; };
		60FCEF02298FB852002A7619 /* Model.swift in Sources */ = {isa = PBXBuildFile; fileRef = 60FCEF01298FB852002A7619 /* Model.swift */; };
		60FCEF04298FB8DA002A7619 /* ContentViewModel.swift in Sources */ = {isa = PBXBuildFile; fileRef = 60FCEF03298FB8DA002A7619 /* ContentViewModel.swift */; };
/* End PBXBuildFile section */

/* Begin PBXFileReference section */
		604EAB8A2987E773008CFE22 /* WorkoutViewModel.swift */ = {isa = PBXFileReference; lastKnownFileType = sourcecode.swift; path = WorkoutViewModel.swift; sourceTree = "<group>"; };
		6054FC54298245BF00059CD3 /* WorkoutContainer.xcdatamodel */ = {isa = PBXFileReference; lastKnownFileType = wrapper.xcdatamodel; path = WorkoutContainer.xcdatamodel; sourceTree = "<group>"; };
		6054FC5C29824AB700059CD3 /* WorkoutView.swift */ = {isa = PBXFileReference; fileEncoding = 4; lastKnownFileType = sourcecode.swift; path = WorkoutView.swift; sourceTree = "<group>"; };
		6054FC5F29824AEC00059CD3 /* Counter.swift */ = {isa = PBXFileReference; fileEncoding = 4; lastKnownFileType = sourcecode.swift; path = Counter.swift; sourceTree = "<group>"; };
		609D4DE62969357E009B2381 /* MoveYourBody.app */ = {isa = PBXFileReference; explicitFileType = wrapper.application; includeInIndex = 0; path = MoveYourBody.app; sourceTree = BUILT_PRODUCTS_DIR; };
		609D4DE92969357E009B2381 /* MoveYourBodyApp.swift */ = {isa = PBXFileReference; lastKnownFileType = sourcecode.swift; path = MoveYourBodyApp.swift; sourceTree = "<group>"; };
		609D4DEB2969357E009B2381 /* ContentView.swift */ = {isa = PBXFileReference; lastKnownFileType = sourcecode.swift; path = ContentView.swift; sourceTree = "<group>"; };
		609D4DED2969357F009B2381 /* Assets.xcassets */ = {isa = PBXFileReference; lastKnownFileType = folder.assetcatalog; path = Assets.xcassets; sourceTree = "<group>"; };
		609D4DF02969357F009B2381 /* Preview Assets.xcassets */ = {isa = PBXFileReference; lastKnownFileType = folder.assetcatalog; path = "Preview Assets.xcassets"; sourceTree = "<group>"; };
		60A3C45929700D2600540D21 /* MainView.swift */ = {isa = PBXFileReference; lastKnownFileType = sourcecode.swift; path = MainView.swift; sourceTree = "<group>"; };
		60A3C45B29700D2E00540D21 /* AlarmSettingsView.swift */ = {isa = PBXFileReference; lastKnownFileType = sourcecode.swift; path = AlarmSettingsView.swift; sourceTree = "<group>"; };
		60A3C45D29700D3500540D21 /* WorkoutSettingsView.swift */ = {isa = PBXFileReference; lastKnownFileType = sourcecode.swift; path = WorkoutSettingsView.swift; sourceTree = "<group>"; };
		60FCEEFF298FB84E002A7619 /* Database.swift */ = {isa = PBXFileReference; fileEncoding = 4; lastKnownFileType = sourcecode.swift; path = Database.swift; sourceTree = "<group>"; };
		60FCEF01298FB852002A7619 /* Model.swift */ = {isa = PBXFileReference; fileEncoding = 4; lastKnownFileType = sourcecode.swift; path = Model.swift; sourceTree = "<group>"; };
		60FCEF03298FB8DA002A7619 /* ContentViewModel.swift */ = {isa = PBXFileReference; fileEncoding = 4; lastKnownFileType = sourcecode.swift; path = ContentViewModel.swift; sourceTree = "<group>"; };
/* End PBXFileReference section */

/* Begin PBXFrameworksBuildPhase section */
		609D4DE32969357E009B2381 /* Frameworks */ = {
			isa = PBXFrameworksBuildPhase;
			buildActionMask = 2147483647;
			files = (
			);
			runOnlyForDeploymentPostprocessing = 0;
		};
/* End PBXFrameworksBuildPhase section */

/* Begin PBXGroup section */
		6054FC562982469600059CD3 /* Model */ = {
			isa = PBXGroup;
			children = (
				60FCEEFF298FB84E002A7619 /* Database.swift */,
				60FCEF01298FB852002A7619 /* Model.swift */,
			);
			path = Model;
			sourceTree = "<group>";
		};
		6054FC572982469C00059CD3 /* View */ = {
			isa = PBXGroup;
			children = (
				6054FC5E29824AC200059CD3 /* Components */,
				60A3C45929700D2600540D21 /* MainView.swift */,
				60A3C45B29700D2E00540D21 /* AlarmSettingsView.swift */,
				6054FC5C29824AB700059CD3 /* WorkoutView.swift */,
				60A3C45D29700D3500540D21 /* WorkoutSettingsView.swift */,
			);
			path = View;
			sourceTree = "<group>";
		};
		6054FC58298246A300059CD3 /* ViewModel */ = {
			isa = PBXGroup;
			children = (
				60FCEF03298FB8DA002A7619 /* ContentViewModel.swift */,
				604EAB8A2987E773008CFE22 /* WorkoutViewModel.swift */,
			);
			path = ViewModel;
			sourceTree = "<group>";
		};
		6054FC59298246D700059CD3 /* Utilities */ = {
			isa = PBXGroup;
			children = (
				6054FC53298245BF00059CD3 /* WorkoutContainer.xcdatamodeld */,
			);
			path = Utilities;
			sourceTree = "<group>";
		};
		6054FC5E29824AC200059CD3 /* Components */ = {
			isa = PBXGroup;
			children = (
				6054FC5F29824AEC00059CD3 /* Counter.swift */,
			);
			path = Components;
			sourceTree = "<group>";
		};
		609D4DDD2969357E009B2381 = {
			isa = PBXGroup;
			children = (
				609D4DE82969357E009B2381 /* MoveYourBody */,
				609D4DE72969357E009B2381 /* Products */,
			);
			sourceTree = "<group>";
		};
		609D4DE72969357E009B2381 /* Products */ = {
			isa = PBXGroup;
			children = (
				609D4DE62969357E009B2381 /* MoveYourBody.app */,
			);
			name = Products;
			sourceTree = "<group>";
		};
		609D4DE82969357E009B2381 /* MoveYourBody */ = {
			isa = PBXGroup;
			children = (
				609D4DE92969357E009B2381 /* MoveYourBodyApp.swift */,
				609D4DEB2969357E009B2381 /* ContentView.swift */,
				6054FC59298246D700059CD3 /* Utilities */,
				6054FC562982469600059CD3 /* Model */,
				6054FC58298246A300059CD3 /* ViewModel */,
				6054FC572982469C00059CD3 /* View */,
				609D4DED2969357F009B2381 /* Assets.xcassets */,
				609D4DEF2969357F009B2381 /* Preview Content */,
			);
			path = MoveYourBody;
			sourceTree = "<group>";
		};
		609D4DEF2969357F009B2381 /* Preview Content */ = {
			isa = PBXGroup;
			children = (
				609D4DF02969357F009B2381 /* Preview Assets.xcassets */,
			);
			path = "Preview Content";
			sourceTree = "<group>";
		};
/* End PBXGroup section */

/* Begin PBXNativeTarget section */
		609D4DE52969357E009B2381 /* MoveYourBody */ = {
			isa = PBXNativeTarget;
			buildConfigurationList = 609D4DF42969357F009B2381 /* Build configuration list for PBXNativeTarget "MoveYourBody" */;
			buildPhases = (
				609D4DE22969357E009B2381 /* Sources */,
				609D4DE32969357E009B2381 /* Frameworks */,
				609D4DE42969357E009B2381 /* Resources */,
			);
			buildRules = (
			);
			dependencies = (
			);
			name = MoveYourBody;
			productName = MoveYourBody;
			productReference = 609D4DE62969357E009B2381 /* MoveYourBody.app */;
			productType = "com.apple.product-type.application";
		};
/* End PBXNativeTarget section */

/* Begin PBXProject section */
		609D4DDE2969357E009B2381 /* Project object */ = {
			isa = PBXProject;
			attributes = {
				BuildIndependentTargetsInParallel = 1;
				LastSwiftUpdateCheck = 1420;
				LastUpgradeCheck = 1420;
				TargetAttributes = {
					609D4DE52969357E009B2381 = {
						CreatedOnToolsVersion = 14.2;
					};
				};
			};
			buildConfigurationList = 609D4DE12969357E009B2381 /* Build configuration list for PBXProject "MoveYourBody" */;
			compatibilityVersion = "Xcode 14.0";
			developmentRegion = en;
			hasScannedForEncodings = 0;
			knownRegions = (
				en,
				Base,
			);
			mainGroup = 609D4DDD2969357E009B2381;
			productRefGroup = 609D4DE72969357E009B2381 /* Products */;
			projectDirPath = "";
			projectRoot = "";
			targets = (
				609D4DE52969357E009B2381 /* MoveYourBody */,
			);
		};
/* End PBXProject section */

/* Begin PBXResourcesBuildPhase section */
		609D4DE42969357E009B2381 /* Resources */ = {
			isa = PBXResourcesBuildPhase;
			buildActionMask = 2147483647;
			files = (
				609D4DF12969357F009B2381 /* Preview Assets.xcassets in Resources */,
				609D4DEE2969357F009B2381 /* Assets.xcassets in Resources */,
			);
			runOnlyForDeploymentPostprocessing = 0;
		};
/* End PBXResourcesBuildPhase section */

/* Begin PBXSourcesBuildPhase section */
		609D4DE22969357E009B2381 /* Sources */ = {
			isa = PBXSourcesBuildPhase;
			buildActionMask = 2147483647;
			files = (
				6054FC6029824AEC00059CD3 /* Counter.swift in Sources */,
				6054FC5D29824AB700059CD3 /* WorkoutView.swift in Sources */,
				60A3C45C29700D2E00540D21 /* AlarmSettingsView.swift in Sources */,
				60A3C45E29700D3500540D21 /* WorkoutSettingsView.swift in Sources */,
				60A3C45A29700D2600540D21 /* MainView.swift in Sources */,
				609D4DEC2969357E009B2381 /* ContentView.swift in Sources */,
				604EAB8B2987E773008CFE22 /* WorkoutViewModel.swift in Sources */,
				609D4DEA2969357E009B2381 /* MoveYourBodyApp.swift in Sources */,
				60FCEF04298FB8DA002A7619 /* ContentViewModel.swift in Sources */,
				60FCEF02298FB852002A7619 /* Model.swift in Sources */,
				60FCEF00298FB84E002A7619 /* Database.swift in Sources */,
				6054FC55298245BF00059CD3 /* WorkoutContainer.xcdatamodeld in Sources */,
			);
			runOnlyForDeploymentPostprocessing = 0;
		};
/* End PBXSourcesBuildPhase section */

/* Begin XCBuildConfiguration section */
		609D4DF22969357F009B2381 /* Debug */ = {
			isa = XCBuildConfiguration;
			buildSettings = {
				ALWAYS_SEARCH_USER_PATHS = NO;
				CLANG_ANALYZER_NONNULL = YES;
				CLANG_ANALYZER_NUMBER_OBJECT_CONVERSION = YES_AGGRESSIVE;
				CLANG_CXX_LANGUAGE_STANDARD = "gnu++20";
				CLANG_ENABLE_MODULES = YES;
				CLANG_ENABLE_OBJC_ARC = YES;
				CLANG_ENABLE_OBJC_WEAK = YES;
				CLANG_WARN_BLOCK_CAPTURE_AUTORELEASING = YES;
				CLANG_WARN_BOOL_CONVERSION = YES;
				CLANG_WARN_COMMA = YES;
				CLANG_WARN_CONSTANT_CONVERSION = YES;
				CLANG_WARN_DEPRECATED_OBJC_IMPLEMENTATIONS = YES;
				CLANG_WARN_DIRECT_OBJC_ISA_USAGE = YES_ERROR;
				CLANG_WARN_DOCUMENTATION_COMMENTS = YES;
				CLANG_WARN_EMPTY_BODY = YES;
				CLANG_WARN_ENUM_CONVERSION = YES;
				CLANG_WARN_INFINITE_RECURSION = YES;
				CLANG_WARN_INT_CONVERSION = YES;
				CLANG_WARN_NON_LITERAL_NULL_CONVERSION = YES;
				CLANG_WARN_OBJC_IMPLICIT_RETAIN_SELF = YES;
				CLANG_WARN_OBJC_LITERAL_CONVERSION = YES;
				CLANG_WARN_OBJC_ROOT_CLASS = YES_ERROR;
				CLANG_WARN_QUOTED_INCLUDE_IN_FRAMEWORK_HEADER = YES;
				CLANG_WARN_RANGE_LOOP_ANALYSIS = YES;
				CLANG_WARN_STRICT_PROTOTYPES = YES;
				CLANG_WARN_SUSPICIOUS_MOVE = YES;
				CLANG_WARN_UNGUARDED_AVAILABILITY = YES_AGGRESSIVE;
				CLANG_WARN_UNREACHABLE_CODE = YES;
				CLANG_WARN__DUPLICATE_METHOD_MATCH = YES;
				COPY_PHASE_STRIP = NO;
				DEBUG_INFORMATION_FORMAT = dwarf;
				ENABLE_STRICT_OBJC_MSGSEND = YES;
				ENABLE_TESTABILITY = YES;
				GCC_C_LANGUAGE_STANDARD = gnu11;
				GCC_DYNAMIC_NO_PIC = NO;
				GCC_NO_COMMON_BLOCKS = YES;
				GCC_OPTIMIZATION_LEVEL = 0;
				GCC_PREPROCESSOR_DEFINITIONS = (
					"DEBUG=1",
					"$(inherited)",
				);
				GCC_WARN_64_TO_32_BIT_CONVERSION = YES;
				GCC_WARN_ABOUT_RETURN_TYPE = YES_ERROR;
				GCC_WARN_UNDECLARED_SELECTOR = YES;
				GCC_WARN_UNINITIALIZED_AUTOS = YES_AGGRESSIVE;
				GCC_WARN_UNUSED_FUNCTION = YES;
				GCC_WARN_UNUSED_VARIABLE = YES;
				IPHONEOS_DEPLOYMENT_TARGET = 16.2;
				MTL_ENABLE_DEBUG_INFO = INCLUDE_SOURCE;
				MTL_FAST_MATH = YES;
				ONLY_ACTIVE_ARCH = YES;
				SDKROOT = iphoneos;
				SWIFT_ACTIVE_COMPILATION_CONDITIONS = DEBUG;
				SWIFT_OPTIMIZATION_LEVEL = "-Onone";
			};
			name = Debug;
		};
		609D4DF32969357F009B2381 /* Release */ = {
			isa = XCBuildConfiguration;
			buildSettings = {
				ALWAYS_SEARCH_USER_PATHS = NO;
				CLANG_ANALYZER_NONNULL = YES;
				CLANG_ANALYZER_NUMBER_OBJECT_CONVERSION = YES_AGGRESSIVE;
				CLANG_CXX_LANGUAGE_STANDARD = "gnu++20";
				CLANG_ENABLE_MODULES = YES;
				CLANG_ENABLE_OBJC_ARC = YES;
				CLANG_ENABLE_OBJC_WEAK = YES;
				CLANG_WARN_BLOCK_CAPTURE_AUTORELEASING = YES;
				CLANG_WARN_BOOL_CONVERSION = YES;
				CLANG_WARN_COMMA = YES;
				CLANG_WARN_CONSTANT_CONVERSION = YES;
				CLANG_WARN_DEPRECATED_OBJC_IMPLEMENTATIONS = YES;
				CLANG_WARN_DIRECT_OBJC_ISA_USAGE = YES_ERROR;
				CLANG_WARN_DOCUMENTATION_COMMENTS = YES;
				CLANG_WARN_EMPTY_BODY = YES;
				CLANG_WARN_ENUM_CONVERSION = YES;
				CLANG_WARN_INFINITE_RECURSION = YES;
				CLANG_WARN_INT_CONVERSION = YES;
				CLANG_WARN_NON_LITERAL_NULL_CONVERSION = YES;
				CLANG_WARN_OBJC_IMPLICIT_RETAIN_SELF = YES;
				CLANG_WARN_OBJC_LITERAL_CONVERSION = YES;
				CLANG_WARN_OBJC_ROOT_CLASS = YES_ERROR;
				CLANG_WARN_QUOTED_INCLUDE_IN_FRAMEWORK_HEADER = YES;
				CLANG_WARN_RANGE_LOOP_ANALYSIS = YES;
				CLANG_WARN_STRICT_PROTOTYPES = YES;
				CLANG_WARN_SUSPICIOUS_MOVE = YES;
				CLANG_WARN_UNGUARDED_AVAILABILITY = YES_AGGRESSIVE;
				CLANG_WARN_UNREACHABLE_CODE = YES;
				CLANG_WARN__DUPLICATE_METHOD_MATCH = YES;
				COPY_PHASE_STRIP = NO;
				DEBUG_INFORMATION_FORMAT = "dwarf-with-dsym";
				ENABLE_NS_ASSERTIONS = NO;
				ENABLE_STRICT_OBJC_MSGSEND = YES;
				GCC_C_LANGUAGE_STANDARD = gnu11;
				GCC_NO_COMMON_BLOCKS = YES;
				GCC_WARN_64_TO_32_BIT_CONVERSION = YES;
				GCC_WARN_ABOUT_RETURN_TYPE = YES_ERROR;
				GCC_WARN_UNDECLARED_SELECTOR = YES;
				GCC_WARN_UNINITIALIZED_AUTOS = YES_AGGRESSIVE;
				GCC_WARN_UNUSED_FUNCTION = YES;
				GCC_WARN_UNUSED_VARIABLE = YES;
				IPHONEOS_DEPLOYMENT_TARGET = 16.2;
				MTL_ENABLE_DEBUG_INFO = NO;
				MTL_FAST_MATH = YES;
				SDKROOT = iphoneos;
				SWIFT_COMPILATION_MODE = wholemodule;
				SWIFT_OPTIMIZATION_LEVEL = "-O";
				VALIDATE_PRODUCT = YES;
			};
			name = Release;
		};
		609D4DF52969357F009B2381 /* Debug */ = {
			isa = XCBuildConfiguration;
			buildSettings = {
				ASSETCATALOG_COMPILER_APPICON_NAME = AppIcon;
				ASSETCATALOG_COMPILER_GLOBAL_ACCENT_COLOR_NAME = AccentColor;
				CODE_SIGN_STYLE = Automatic;
				CURRENT_PROJECT_VERSION = 1;
				DEVELOPMENT_ASSET_PATHS = "\"MoveYourBody/Preview Content\"";
				DEVELOPMENT_TEAM = MV89SHQKF4;
				ENABLE_PREVIEWS = YES;
				GENERATE_INFOPLIST_FILE = YES;
				INFOPLIST_KEY_UIApplicationSceneManifest_Generation = YES;
				INFOPLIST_KEY_UIApplicationSupportsIndirectInputEvents = YES;
				INFOPLIST_KEY_UILaunchScreen_Generation = YES;
				INFOPLIST_KEY_UISupportedInterfaceOrientations_iPad = "UIInterfaceOrientationPortrait UIInterfaceOrientationPortraitUpsideDown UIInterfaceOrientationLandscapeLeft UIInterfaceOrientationLandscapeRight";
				INFOPLIST_KEY_UISupportedInterfaceOrientations_iPhone = "UIInterfaceOrientationPortrait UIInterfaceOrientationLandscapeLeft UIInterfaceOrientationLandscapeRight";
				LD_RUNPATH_SEARCH_PATHS = (
					"$(inherited)",
					"@executable_path/Frameworks",
				);
				MARKETING_VERSION = 1.0;
				PRODUCT_BUNDLE_IDENTIFIER = com.ericyong.MoveYourBody;
				PRODUCT_NAME = "$(TARGET_NAME)";
				SWIFT_EMIT_LOC_STRINGS = YES;
				SWIFT_VERSION = 5.0;
				TARGETED_DEVICE_FAMILY = "1,2";
			};
			name = Debug;
		};
		609D4DF62969357F009B2381 /* Release */ = {
			isa = XCBuildConfiguration;
			buildSettings = {
				ASSETCATALOG_COMPILER_APPICON_NAME = AppIcon;
				ASSETCATALOG_COMPILER_GLOBAL_ACCENT_COLOR_NAME = AccentColor;
				CODE_SIGN_STYLE = Automatic;
				CURRENT_PROJECT_VERSION = 1;
				DEVELOPMENT_ASSET_PATHS = "\"MoveYourBody/Preview Content\"";
				DEVELOPMENT_TEAM = MV89SHQKF4;
				ENABLE_PREVIEWS = YES;
				GENERATE_INFOPLIST_FILE = YES;
				INFOPLIST_KEY_UIApplicationSceneManifest_Generation = YES;
				INFOPLIST_KEY_UIApplicationSupportsIndirectInputEvents = YES;
				INFOPLIST_KEY_UILaunchScreen_Generation = YES;
				INFOPLIST_KEY_UISupportedInterfaceOrientations_iPad = "UIInterfaceOrientationPortrait UIInterfaceOrientationPortraitUpsideDown UIInterfaceOrientationLandscapeLeft UIInterfaceOrientationLandscapeRight";
				INFOPLIST_KEY_UISupportedInterfaceOrientations_iPhone = "UIInterfaceOrientationPortrait UIInterfaceOrientationLandscapeLeft UIInterfaceOrientationLandscapeRight";
				LD_RUNPATH_SEARCH_PATHS = (
					"$(inherited)",
					"@executable_path/Frameworks",
				);
				MARKETING_VERSION = 1.0;
				PRODUCT_BUNDLE_IDENTIFIER = com.ericyong.MoveYourBody;
				PRODUCT_NAME = "$(TARGET_NAME)";
				SWIFT_EMIT_LOC_STRINGS = YES;
				SWIFT_VERSION = 5.0;
				TARGETED_DEVICE_FAMILY = "1,2";
			};
			name = Release;
		};
/* End XCBuildConfiguration section */

/* Begin XCConfigurationList section */
		609D4DE12969357E009B2381 /* Build configuration list for PBXProject "MoveYourBody" */ = {
			isa = XCConfigurationList;
			buildConfigurations = (
				609D4DF22969357F009B2381 /* Debug */,
				609D4DF32969357F009B2381 /* Release */,
			);
			defaultConfigurationIsVisible = 0;
			defaultConfigurationName = Release;
		};
		609D4DF42969357F009B2381 /* Build configuration list for PBXNativeTarget "MoveYourBody" */ = {
			isa = XCConfigurationList;
			buildConfigurations = (
				609D4DF52969357F009B2381 /* Debug */,
				609D4DF62969357F009B2381 /* Release */,
			);
			defaultConfigurationIsVisible = 0;
			defaultConfigurationName = Release;
		};
/* End XCConfigurationList section */

/* Begin XCVersionGroup section */
		6054FC53298245BF00059CD3 /* WorkoutContainer.xcdatamodeld */ = {
			isa = XCVersionGroup;
			children = (
				6054FC54298245BF00059CD3 /* WorkoutContainer.xcdatamodel */,
			);
			currentVersion = 6054FC54298245BF00059CD3 /* WorkoutContainer.xcdatamodel */;
			path = WorkoutContainer.xcdatamodeld;
			sourceTree = "<group>";
			versionGroupType = wrapper.xcdatamodel;
		};
/* End XCVersionGroup section */
	};
	rootObject = 609D4DDE2969357E009B2381 /* Project object */;
}
